
Microsoft Visual Studio Solution File, Format Version 12.00
# Visual Studio Version 17
VisualStudioVersion = 17.14.36212.18
MinimumVisualStudioVersion = 10.0.40219.1
Project("{FAE04EC0-301F-11D3-BF4B-00C04F79EFBC}") = "Astralis_API", "Astralis_API\Astralis_API.csproj", "{ABE1173B-6C49-4960-B3E5-CA27CE1650D4}"
EndProject
Project("{FAE04EC0-301F-11D3-BF4B-00C04F79EFBC}") = "Astralis.Shared", "Shared\Astralis.Shared\Astralis.Shared.csproj", "{D6EB1D6F-DB8F-98F0-36EF-079ED515C780}"
EndProject
Global
	GlobalSection(SolutionConfigurationPlatforms) = preSolution
		Debug|Any CPU = Debug|Any CPU
		Release|Any CPU = Release|Any CPU
	EndGlobalSection
	GlobalSection(ProjectConfigurationPlatforms) = postSolution
		{ABE1173B-6C49-4960-B3E5-CA27CE1650D4}.Debug|Any CPU.ActiveCfg = Debug|Any CPU
		{ABE1173B-6C49-4960-B3E5-CA27CE1650D4}.Debug|Any CPU.Build.0 = Debug|Any CPU
		{ABE1173B-6C49-4960-B3E5-CA27CE1650D4}.Release|Any CPU.ActiveCfg = Release|Any CPU
		{ABE1173B-6C49-4960-B3E5-CA27CE1650D4}.Release|Any CPU.Build.0 = Release|Any CPU
		{D6EB1D6F-DB8F-98F0-36EF-079ED515C780}.Debug|Any CPU.ActiveCfg = Debug|Any CPU
		{D6EB1D6F-DB8F-98F0-36EF-079ED515C780}.Debug|Any CPU.Build.0 = Debug|Any CPU
		{D6EB1D6F-DB8F-98F0-36EF-079ED515C780}.Release|Any CPU.ActiveCfg = Release|Any CPU
		{D6EB1D6F-DB8F-98F0-36EF-079ED515C780}.Release|Any CPU.Build.0 = Release|Any CPU
	EndGlobalSection
	GlobalSection(SolutionProperties) = preSolution
		HideSolutionNode = FALSE
	EndGlobalSection
	GlobalSection(ExtensibilityGlobals) = postSolution
		SolutionGuid = {952C8117-020F-4D7C-AD16-77348F2190A5}
	EndGlobalSection
EndGlobal
